{
  "version": "3",
  "packages": {
    "specifiers": {
      "npm:hono@^4.5.11": "npm:hono@4.5.11"
    },
    "npm": {
      "hono@4.5.11": {
        "integrity": "sha512-62FcjLPtjAFwISVBUshryl+vbHOjg8rE4uIK/dxyR8GpLztunZpwFmfEvmJCUI7xoGh/Sr3CGCDPCmYxVw7wUQ==",
        "dependencies": {}
      }
    }
  },
  "remote": {},
  "workspace": {
    "dependencies": [
      "npm:hono@^4.5.11"
    ]
  }
}
